github.com/v3alab/wowchemy-widget-myPubPages v0.0.0-20201207120418-41bcd8ba7090 h1:61HYbusycYs/AL+K5OROUkrnPzkOKrKbWb+HY/fldyk=
github.com/v3alab/wowchemy-widget-myPubPages v0.0.0-20201207120418-41bcd8ba7090/go.mod h1:9xgz10GqiObx8YnJ+DoVX/yhZKZ1MQmKv/Wi9YqswKQ=
github.com/v3alab/wowchemy-widget-myPubPages v0.0.0-20201207122212-ab6ef58a41ed h1:4MYlUUQOcTuUjalZLo+t3HXs2YHr/uhfUNNsPJ63v5c=
github.com/v3alab/wowchemy-widget-myPubPages v0.0.0-20201207122212-ab6ef58a41ed/go.mod h1:9xgz10GqiObx8YnJ+DoVX/yhZKZ1MQmKv/Wi9YqswKQ=
github.com/v3alab/wowchemy-widget-myPubPages v0.0.0-20201207122434-cc968c54d333 h1:4vSXNmSQ2BZwEE90tTkmy4EkuhOm65rCVvNv5M8GhEA=
github.com/v3alab/wowchemy-widget-myPubPages v0.0.0-20201207122434-cc968c54d333/go.mod h1:9xgz10GqiObx8YnJ+DoVX/yhZKZ1MQmKv/Wi9YqswKQ=
github.com/v3alab/wowchemy-widget-myPubPages v0.0.0-20201209042649-a79dcfb8958f h1:qT/NXc/0NmihlvFhnh068ciQk1giIUD3oNypS6GWd6A=
github.com/v3alab/wowchemy-widget-myPubPages v0.0.0-20201209042649-a79dcfb8958f/go.mod h1:9xgz10GqiObx8YnJ+DoVX/yhZKZ1MQmKv/Wi9YqswKQ=
github.com/v3alab/wowchemy-widget-myPubPages v0.0.0-20201209042844-aecf0f54acbf h1:D4EUhXJ45yz0cfef3YXe5NG6RvJycX7Bjp1UKEDNVSI=
github.com/v3alab/wowchemy-widget-myPubPages v0.0.0-20201209042844-aecf0f54acbf/go.mod h1:9xgz10GqiObx8YnJ+DoVX/yhZKZ1MQmKv/Wi9YqswKQ=
github.com/v3alab/wowchemy-widget-myPubPages v0.0.0-20201209043853-4865a8e1ec51 h1:TcnSnImGlOHcb9UciXrCZ5PAg9FokONF8oakl7diLmo=
github.com/v3alab/wowchemy-widget-myPubPages v0.0.0-20201209043853-4865a8e1ec51/go.mod h1:9xgz10GqiObx8YnJ+DoVX/yhZKZ1MQmKv/Wi9YqswKQ=
github.com/v3alab/wowchemy-widget-myPubPages v0.0.0-20201210005915-47ed5ca1e9ed h1:Xu78VX2KMG+AA8yKVtPzgHtomm0dvm9PQQpXy12ME14=
github.com/v3alab/wowchemy-widget-myPubPages v0.0.0-20201210005915-47ed5ca1e9ed/go.mod h1:9xgz10GqiObx8YnJ+DoVX/yhZKZ1MQmKv/Wi9YqswKQ=
github.com/v3alab/wowchemy-widget-myPubPages v0.0.0-20201210010224-6bebd9bcb052 h1:B3zkx6OR+XMunEpTRL1zsBz3kPS56J/HHqnu3JKJnqM=
github.com/v3alab/wowchemy-widget-myPubPages v0.0.0-20201210010224-6bebd9bcb052/go.mod h1:9xgz10GqiObx8YnJ+DoVX/yhZKZ1MQmKv/Wi9YqswKQ=
github.com/v3alab/wowchemy-widget-myPubPages v0.0.0-20201210010450-89a781044515 h1:YAXMLPiaG7KNwIjEHgLX8tNZPy2UrybHWrmI0NixH6I=
github.com/v3alab/wowchemy-widget-myPubPages v0.0.0-20201210010450-89a781044515/go.mod h1:9xgz10GqiObx8YnJ+DoVX/yhZKZ1MQmKv/Wi9YqswKQ=
github.com/v3alab/wowchemy-widget-myPubPages v0.0.0-20201210011853-11c291fd54e1 h1:5tupWCNF23yhY4QfrYcewxQ0ZsLGIPiOhTgaOT1iSl4=
github.com/v3alab/wowchemy-widget-myPubPages v0.0.0-20201210011853-11c291fd54e1/go.mod h1:9xgz10GqiObx8YnJ+DoVX/yhZKZ1MQmKv/Wi9YqswKQ=
github.com/v3alab/wowchemy-widget-myabout v0.0.0-20201206090221-5031d578b00e h1:er3ZgcBany1rPdAppy7guM8d4fnwvwDq6wutnTnuypQ=
github.com/v3alab/wowchemy-widget-myabout v0.0.0-20201206090221-5031d578b00e/go.mod h1:KabrWgiYJ+klR0jeJ8ju+HdS4aFfMjE3eUc1ZeKaD3I=
github.com/v3alab/wowchemy-widget-myaboutb v0.0.0-20201206105009-19759edd2a87 h1:N2XhbBYCVaEXMkpzTnWFoDT71b6UlUPc47cHnwnwIRk=
github.com/v3alab/wowchemy-widget-myaboutb v0.0.0-20201206105009-19759edd2a87/go.mod h1:TH4e9PK9AzRLgWjhGPv0UkJe0agyH5/cicRQO4nZzpg=
github.com/v3alab/wowchemy-widget-myaboutb v0.0.0-20201206105317-82a010dfb792 h1:T5q5wO7JHTk1VzA7tbLM7QccSYAQOUONvnue6K0icXU=
github.com/v3alab/wowchemy-widget-myaboutb v0.0.0-20201206105317-82a010dfb792/go.mod h1:TH4e9PK9AzRLgWjhGPv0UkJe0agyH5/cicRQO4nZzpg=
github.com/v3alab/wowchemy-widget-myaboutb v0.0.0-20201206112246-3ed13d266716 h1:va61p+TDgWfuDyYiq4lbr2EIFA3QNMfrEwnATQwVIrg=
github.com/v3alab/wowchemy-widget-myaboutb v0.0.0-20201206112246-3ed13d266716/go.mod h1:TH4e9PK9AzRLgWjhGPv0UkJe0agyH5/cicRQO4nZzpg=
github.com/v3alab/wowchemy-widget-myaboutb v0.0.0-20201206112612-95c505a1cf3e h1:hmAjQCZ9AOPkuYB4udCMycVAkIM1h5jvi4YpJ3L2VKw=
github.com/v3alab/wowchemy-widget-myaboutb v0.0.0-20201206112612-95c505a1cf3e/go.mod h1:TH4e9PK9AzRLgWjhGPv0UkJe0agyH5/cicRQO4nZzpg=
github.com/v3alab/wowchemy-widget-myaboutb v0.0.0-20201206112758-7de3b9cccf71 h1:ksUklAG9zWdfD2ZPfEC2K8nAkJcO2b9nnj5BhwMkcdc=
github.com/v3alab/wowchemy-widget-myaboutb v0.0.0-20201206112758-7de3b9cccf71/go.mod h1:TH4e9PK9AzRLgWjhGPv0UkJe0agyH5/cicRQO4nZzpg=
github.com/v3alab/wowchemy-widget-myaboutb v0.0.0-20201206113013-ce07e5111f30 h1:H/r32S2jaDpwMIueZLIqSSlGR6xaNRc+RVpC5rRIqLM=
github.com/v3alab/wowchemy-widget-myaboutb v0.0.0-20201206113013-ce07e5111f30/go.mod h1:TH4e9PK9AzRLgWjhGPv0UkJe0agyH5/cicRQO4nZzpg=
github.com/v3alab/wowchemy-widget-myaboutb v0.0.0-20201206113318-ca27a7097cbf h1:aGedXqcKs0ic10mBR+rxIOM7SRciYEpE3KU3b8h9Htg=
github.com/v3alab/wowchemy-widget-myaboutb v0.0.0-20201206113318-ca27a7097cbf/go.mod h1:TH4e9PK9AzRLgWjhGPv0UkJe0agyH5/cicRQO4nZzpg=
github.com/v3alab/wowchemy-widget-myaboutb v0.0.0-20201206113548-538e0764d0a7 h1:/dGXbWlIpcO5hTe034iMa41FDmQKRGnqbvDbpOodYUw=
github.com/v3alab/wowchemy-widget-myaboutb v0.0.0-20201206113548-538e0764d0a7/go.mod h1:TH4e9PK9AzRLgWjhGPv0UkJe0agyH5/cicRQO4nZzpg=
github.com/v3alab/wowchemy-widget-myaboutb v0.0.0-20201206115242-6b28c6538508 h1:vkk9/n3wUIOfLoYIzc+BAEkCVJ/hDDG6Ga1M7kogKCw=
github.com/v3alab/wowchemy-widget-myaboutb v0.0.0-20201206115242-6b28c6538508/go.mod h1:TH4e9PK9AzRLgWjhGPv0UkJe0agyH5/cicRQO4nZzpg=
github.com/v3alab/wowchemy-widget-myaboutb v0.0.0-20201206120115-740d85dc8c55 h1:5Eo34clqft/ZDqSel6AAUGahVjkWcXYsTTL8255OK+M=
github.com/v3alab/wowchemy-widget-myaboutb v0.0.0-20201206120115-740d85dc8c55/go.mod h1:TH4e9PK9AzRLgWjhGPv0UkJe0agyH5/cicRQO4nZzpg=
github.com/v3alab/wowchemy-widget-myaboutb v0.0.0-20201208232218-ef5262bb95f1 h1:5XDEHz+94WL1mc0v+rMcsaw9Ze5Vs2FB+2A+5NCvlg8=
github.com/v3alab/wowchemy-widget-myaboutb v0.0.0-20201208232218-ef5262bb95f1/go.mod h1:TH4e9PK9AzRLgWjhGPv0UkJe0agyH5/cicRQO4nZzpg=
github.com/v3alab/wowchemy-widget-myexp v0.0.0-20201206134843-d8aa0e8ec779 h1:ZLG/vPTSrUjOXIVwGB7fM575flEh8Ec5soqswiwyZqM=
github.com/v3alab/wowchemy-widget-myexp v0.0.0-20201206134843-d8aa0e8ec779/go.mod h1:9qT8rxp+TtAArfavWDBNFN+S0OQUhKDZcQNv1NBDZpk=
github.com/v3alab/wowchemy-widget-myexp v0.0.0-20201206135555-b92132be497a h1:Tl8NzirOpcDyhHqVL9jVqThovCenvDOz+TWumCz/HDo=
github.com/v3alab/wowchemy-widget-myexp v0.0.0-20201206135555-b92132be497a/go.mod h1:9qT8rxp+TtAArfavWDBNFN+S0OQUhKDZcQNv1NBDZpk=
github.com/v3alab/wowchemy-widget-myexp v0.0.0-20201206140015-ee2768af991b h1:iNCnZSdk3q4gLwCKad8qIokTLSXqKhj//RCyQgda06k=
github.com/v3alab/wowchemy-widget-myexp v0.0.0-20201206140015-ee2768af991b/go.mod h1:9qT8rxp+TtAArfavWDBNFN+S0OQUhKDZcQNv1NBDZpk=
github.com/v3alab/wowchemy-widget-myexp v0.0.0-20201206140235-5a7e67ba925a h1:A8K7IODSlkx3rE4g/kmyKoDqGP5RQ2SnArzCC8ogT60=
github.com/v3alab/wowchemy-widget-myexp v0.0.0-20201206140235-5a7e67ba925a/go.mod h1:9qT8rxp+TtAArfavWDBNFN+S0OQUhKDZcQNv1NBDZpk=
github.com/v3alab/wowchemy-widget-myexp v0.0.0-20201206140556-c98fe6662684 h1:dfYHVKOGFaxsOfYY3hJeVW+3SELXNvXTukKM3ahqhvM=
github.com/v3alab/wowchemy-widget-myexp v0.0.0-20201206140556-c98fe6662684/go.mod h1:9qT8rxp+TtAArfavWDBNFN+S0OQUhKDZcQNv1NBDZpk=
github.com/v3alab/wowchemy-widget-myexpb v0.0.0-20201206145051-ec9db60dccf4 h1:gmLZCvPS6LQe8L221VIDxshXwTi1MBUu0ir1m9pHpyY=
github.com/v3alab/wowchemy-widget-myexpb v0.0.0-20201206145051-ec9db60dccf4/go.mod h1:hzFUOYgRh4/ItjbZgpoiIt9D7p7O6YZ3JRkpcQ5/EQk=
github.com/v3alab/wowchemy-widget-myexpb v0.0.0-20201206145340-186cdc49de31 h1:Qth7YKHT4Sms+eW/7tdsu/X6JdV5/UXOPUdbiUJNfJs=
github.com/v3alab/wowchemy-widget-myexpb v0.0.0-20201206145340-186cdc49de31/go.mod h1:hzFUOYgRh4/ItjbZgpoiIt9D7p7O6YZ3JRkpcQ5/EQk=
github.com/v3alab/wowchemy-widget-myexpb v0.0.0-20201206145536-755aa5b433f4 h1:Yfi3UFjdW217a+6dEviZKylWR4OeYTTAVVIs8BPWnZg=
github.com/v3alab/wowchemy-widget-myexpb v0.0.0-20201206145536-755aa5b433f4/go.mod h1:hzFUOYgRh4/ItjbZgpoiIt9D7p7O6YZ3JRkpcQ5/EQk=
github.com/v3alab/wowchemy-widget-myexpb v0.0.0-20201206145818-fb01795b76c6 h1:p7N5b/s14e2UMVaD8GXswfac2fnfkMFZA1BTWxdzi80=
github.com/v3alab/wowchemy-widget-myexpb v0.0.0-20201206145818-fb01795b76c6/go.mod h1:hzFUOYgRh4/ItjbZgpoiIt9D7p7O6YZ3JRkpcQ5/EQk=
github.com/v3alab/wowchemy-widget-myexpb v0.0.0-20201206150043-713599059f02 h1:WgGLDEnwUpchHBL25PvacRji6l+NXy5DBS8xK867jn8=
github.com/v3alab/wowchemy-widget-myexpb v0.0.0-20201206150043-713599059f02/go.mod h1:hzFUOYgRh4/ItjbZgpoiIt9D7p7O6YZ3JRkpcQ5/EQk=
github.com/v3alab/wowchemy-widget-myexpb v0.0.0-20201206151331-e90ef0849d09 h1:2Ovnoz/EoasF8bvwKEUr8Z9MGmKcKSST9re36Cu3uhQ=
github.com/v3alab/wowchemy-widget-myexpb v0.0.0-20201206151331-e90ef0849d09/go.mod h1:hzFUOYgRh4/ItjbZgpoiIt9D7p7O6YZ3JRkpcQ5/EQk=
github.com/v3alab/wowchemy-widget-myexpb v0.0.0-20201207131705-9b8637cebd8f h1:8fvPem72rkTHIli4zbXgSUKtxAQFVGIOv1bWrBW79WI=
github.com/v3alab/wowchemy-widget-myexpb v0.0.0-20201207131705-9b8637cebd8f/go.mod h1:hzFUOYgRh4/ItjbZgpoiIt9D7p7O6YZ3JRkpcQ5/EQk=
github.com/v3alab/wowchemy-widget-myexpb v0.0.0-20201207132039-301ff4d0e29f h1:BKEn5IYzSYcjHOhYP//vhN4B2bfe/KZwzXY7WJGgdm8=
github.com/v3alab/wowchemy-widget-myexpb v0.0.0-20201207132039-301ff4d0e29f/go.mod h1:hzFUOYgRh4/ItjbZgpoiIt9D7p7O6YZ3JRkpcQ5/EQk=
github.com/v3alab/wowchemy-widget-myexpb v0.0.0-20201207132830-6d55456d0c91 h1:oxXKdzzl2lP51xJG8+SjAIp5u2fheUYt8lPL0Yx3Hu0=
github.com/v3alab/wowchemy-widget-myexpb v0.0.0-20201207132830-6d55456d0c91/go.mod h1:hzFUOYgRh4/ItjbZgpoiIt9D7p7O6YZ3JRkpcQ5/EQk=
github.com/v3alab/wowchemy-widget-myexpb v0.0.0-20201207133010-d85b9a294378 h1:4+4AyPubXIovryTrxoWmsmfDI9Pp73ougtpNVO8R1H8=
github.com/v3alab/wowchemy-widget-myexpb v0.0.0-20201207133010-d85b9a294378/go.mod h1:hzFUOYgRh4/ItjbZgpoiIt9D7p7O6YZ3JRkpcQ5/EQk=
github.com/v3alab/wowchemy-widget-myexpb v0.0.0-20201211032505-d2fa9164327d h1:PXijk+ftOTUg6TAq3mDIM0VLvGcqp0hvEvLri3rS9Bk=
github.com/v3alab/wowchemy-widget-myexpb v0.0.0-20201211032505-d2fa9164327d/go.mod h1:hzFUOYgRh4/ItjbZgpoiIt9D7p7O6YZ3JRkpcQ5/EQk=
github.com/wowchemy/wowchemy-hugo-modules/netlify-cms-academic v0.0.0-20201129124759-cdcfa2da28e2 h1:9xMDzFv9AeLK1hk+/zUQZn9xMVEqnaEXLucTDmuV9wo=
github.com/wowchemy/wowchemy-hugo-modules/netlify-cms-academic v0.0.0-20201129124759-cdcfa2da28e2/go.mod h1:TU3QDPUdBSQnvDP5QVCwjAkBIdVMS/bKFA8jr3eI5AY=
github.com/wowchemy/wowchemy-hugo-modules/netlify-cms-academic v0.0.0-20201205224343-d70da8919962 h1:XNsLf9o4lVGHd3hnadtun6VjeDy0tHbPMO5fvS+lOjY=
github.com/wowchemy/wowchemy-hugo-modules/netlify-cms-academic v0.0.0-20201205224343-d70da8919962/go.mod h1:TU3QDPUdBSQnvDP5QVCwjAkBIdVMS/bKFA8jr3eI5AY=
github.com/wowchemy/wowchemy-hugo-modules/netlify-cms-academic v0.0.0-20201208221717-1d5456668842 h1:G4vgJKPV3u3/nMo6oeNGrzMtuNAT0nDRDrRirBL8y7Q=
github.com/wowchemy/wowchemy-hugo-modules/netlify-cms-academic v0.0.0-20201208221717-1d5456668842/go.mod h1:TU3QDPUdBSQnvDP5QVCwjAkBIdVMS/bKFA8jr3eI5AY=
github.com/wowchemy/wowchemy-hugo-modules/netlify-cms-academic v0.0.0-20201209233749-172150c6f076 h1:f15zlCUZMk37N8nhRfREWYNUhwe8BZeDIm2JPBTX0po=
github.com/wowchemy/wowchemy-hugo-modules/netlify-cms-academic v0.0.0-20201209233749-172150c6f076/go.mod h1:TU3QDPUdBSQnvDP5QVCwjAkBIdVMS/bKFA8jr3eI5AY=
github.com/wowchemy/wowchemy-hugo-modules/netlify-cms-academic v0.0.0-20201211023654-f6090cd7e55d h1:o3oXxH4+9fTBcBVJ5hAiFCJjJ5ZyQZV7glQJZLJeHc8=
github.com/wowchemy/wowchemy-hugo-modules/netlify-cms-academic v0.0.0-20201211023654-f6090cd7e55d/go.mod h1:TU3QDPUdBSQnvDP5QVCwjAkBIdVMS/bKFA8jr3eI5AY=
github.com/wowchemy/wowchemy-hugo-modules/wowchemy v0.0.0-20201129124759-cdcfa2da28e2 h1:gGFh4JB+4FzJEcj9rfQ6pkL+Ql4kQ+DxGcnKJYHKdrM=
github.com/wowchemy/wowchemy-hugo-modules/wowchemy v0.0.0-20201129124759-cdcfa2da28e2/go.mod h1:H22qfH9qj3FWwsk7+bAZpmT24yRGNQURah2/IRwjbn8=
github.com/wowchemy/wowchemy-hugo-modules/wowchemy v0.0.0-20201205224343-d70da8919962 h1:b4u7+a+hwKc59N8h3XEIKIZ7xorf1mIboZwxYsfBvKI=
github.com/wowchemy/wowchemy-hugo-modules/wowchemy v0.0.0-20201205224343-d70da8919962/go.mod h1:H22qfH9qj3FWwsk7+bAZpmT24yRGNQURah2/IRwjbn8=
github.com/wowchemy/wowchemy-hugo-modules/wowchemy v0.0.0-20201208221717-1d5456668842 h1:g/Oo9m83/tVJWS37Rto64KveEMXdtRw2MlQWu28zKwM=
github.com/wowchemy/wowchemy-hugo-modules/wowchemy v0.0.0-20201208221717-1d5456668842/go.mod h1:H22qfH9qj3FWwsk7+bAZpmT24yRGNQURah2/IRwjbn8=
github.com/wowchemy/wowchemy-hugo-modules/wowchemy v0.0.0-20201209233749-172150c6f076 h1:apkxQa44ffs4uYX11hRIehLZ1R6H1q5K//j2k/iSreM=
github.com/wowchemy/wowchemy-hugo-modules/wowchemy v0.0.0-20201209233749-172150c6f076/go.mod h1:H22qfH9qj3FWwsk7+bAZpmT24yRGNQURah2/IRwjbn8=
github.com/wowchemy/wowchemy-hugo-modules/wowchemy v0.0.0-20201211023654-f6090cd7e55d h1:s1Eo9hqvzzN6I+jpx4/GG4yTwCh/26MnZaPvdqrqbis=
github.com/wowchemy/wowchemy-hugo-modules/wowchemy v0.0.0-20201211023654-f6090cd7e55d/go.mod h1:H22qfH9qj3FWwsk7+bAZpmT24yRGNQURah2/IRwjbn8=
golang.org/x/tour v0.1.0 h1:OWzbINRoGf1wwBhKdFDpYwM88NM0d1SL/Nj6PagS6YE=
golang.org/x/tour v0.1.0/go.mod h1:DUZC6G8mR1AXgXy73r8qt/G5RsefKIlSj6jBMc8b9Wc=
